{
  "name": "root-package",
  "lockfileVersion": 3,
  "requires": true,
  "packages": {
    "": {
      "name": "root-package",
      "workspaces": [
        "./packages/*"
      ],
      "devDependencies": {
        "tsc-path-fix": "file:../../"
      }
    },
    "../..": {
      "version": "1.0.2",
      "dev": true,
      "license": "MIT",
      "dependencies": {
        "chokidar": "^3.5.3",
        "commander": "^11.1.0",
        "globby": "^14.0.0",
        "mylas": "^2.1.9",
        "normalize-path": "^3.0.0",
        "plimit-lit": "^1.2.6"
      },
      "bin": {
        "tsc-path-fix": "dist/bin/index.js"
      },
      "devDependencies": {
        "@types/node": "^20.11.24",
        "@types/rimraf": "^3.0.2",
        "@types/shelljs": "^0.8.11",
        "husky": "^9.0.11",
        "npm-recursive-install": "^1.0.8",
        "prettier": "^3.2.5",
        "rimraf": "^5.0.5",
        "shelljs": "^0.8.5",
        "typescript": "^5.3.3",
        "vitest": "^3.1.1"
      },
      "engines": {
        "node": ">=16.20.2"
      }
    },
    "node_modules/@tsconfig/node14": {
      "version": "1.0.0",
      "resolved": "https://registry.npmjs.org/@tsconfig/node14/-/node14-1.0.0.tgz",
      "integrity": "sha512-RKkL8eTdPv6t5EHgFKIVQgsDapugbuOptNd9OOunN/HAkzmmTnZELx1kNCK0rSdUYGmiFMM3rRQMAWiyp023LQ==",
      "license": "MIT"
    },
    "node_modules/@types/node": {
      "version": "16.10.2",
      "resolved": "https://registry.npmjs.org/@types/node/-/node-16.10.2.tgz",
      "integrity": "sha512-zCclL4/rx+W5SQTzFs9wyvvyCwoK9QtBpratqz2IYJ3O8Umrn0m3nsTv0wQBk9sRGpvUe9CwPDrQFB10f1FIjQ==",
      "license": "MIT"
    },
    "node_modules/packageA": {
      "resolved": "packages/packageA",
      "link": true
    },
    "node_modules/packageB": {
      "resolved": "packages/packageB",
      "link": true
    },
    "node_modules/tsc-path-fix": {
      "resolved": "../..",
      "link": true
    },
    "packages/packageA": {
      "dependencies": {
        "@tsconfig/node14": "1.0.0",
        "@types/node": "16.10.2"
      }
    },
    "packages/packageB": {
      "dependencies": {
        "@tsconfig/node14": "1.0.0",
        "@types/node": "14.14.31"
      }
    },
    "packages/packageB/node_modules/@types/node": {
      "version": "14.14.31",
      "resolved": "https://registry.npmjs.org/@types/node/-/node-14.14.31.tgz",
      "integrity": "sha512-vFHy/ezP5qI0rFgJ7aQnjDXwAMrG0KqqIH7tQG5PPv3BWBayOPIQNBjVc/P6hhdZfMx51REc6tfDNXHUio893g==",
      "license": "MIT"
    }
  }
}
