{
  "name": "project9",
  "lockfileVersion": 3,
  "requires": true,
  "packages": {
    "": {
      "dependencies": {
        "buffercursor.ts": "1.0.3"
      }
    },
    "node_modules/buffercursor.ts": {
      "version": "1.0.3",
      "resolved": "https://registry.npmjs.org/buffercursor.ts/-/buffercursor.ts-1.0.3.tgz",
      "integrity": "sha512-jnnP1F8oEHyn6aVTYbgzdDD/ZAnHw/K53qj2X1JYqg2N6RO1YKeTIkp6hq63ngaiZwR/9JuG2AXHutOs/6FAUQ==",
      "license": "MIT",
      "engines": {
        "node": ">=14.0.0"
      },
      "funding": {
        "type": "github",
        "url": "https://github.com/sponsors/raouldeheer"
      }
    }
  }
}
